
Microsoft Visual Studio Solution File, Format Version 12.00
# Visual Studio Version 16
VisualStudioVersion = 16.0.29709.97
MinimumVisualStudioVersion = 10.0.40219.1
Project("{FAE04EC0-301F-11D3-BF4B-00C04F79EFBC}") = "2K_PR02", "WindowsFormsApp2\2K_PR02.csproj", "{AE4E5AE1-D5F5-47EB-9432-B0C12A45A4FE}"
EndProject
Global
	GlobalSection(SolutionConfigurationPlatforms) = preSolution
		Debug|Any CPU = Debug|Any CPU
		Release|Any CPU = Release|Any CPU
	EndGlobalSection
	GlobalSection(ProjectConfigurationPlatforms) = postSolution
		{AE4E5AE1-D5F5-47EB-9432-B0C12A45A4FE}.Debug|Any CPU.ActiveCfg = Debug|Any CPU
		{AE4E5AE1-D5F5-47EB-9432-B0C12A45A4FE}.Debug|Any CPU.Build.0 = Debug|Any CPU
		{AE4E5AE1-D5F5-47EB-9432-B0C12A45A4FE}.Release|Any CPU.ActiveCfg = Release|Any CPU
		{AE4E5AE1-D5F5-47EB-9432-B0C12A45A4FE}.Release|Any CPU.Build.0 = Release|Any CPU
	EndGlobalSection
	GlobalSection(SolutionProperties) = preSolution
		HideSolutionNode = FALSE
	EndGlobalSection
	GlobalSection(ExtensibilityGlobals) = postSolution
		SolutionGuid = {5548F10A-73F9-4907-AA34-9F1A0138BA68}
	EndGlobalSection
EndGlobal
